
Microsoft Visual Studio Solution File, Format Version 12.00
# Visual Studio Version 16
VisualStudioVersion = 16.0.31205.134
MinimumVisualStudioVersion = 10.0.40219.1
Project("{FAE04EC0-301F-11D3-BF4B-00C04F79EFBC}") = "Art-App", "Art-App.csproj", "{C87A015D-470E-4306-A1CB-7FFB2D323BBE}"
EndProject
Global
	GlobalSection(SolutionConfigurationPlatforms) = preSolution
		Debug|Any CPU = Debug|Any CPU
		Release|Any CPU = Release|Any CPU
	EndGlobalSection
	GlobalSection(ProjectConfigurationPlatforms) = postSolution
		{C87A015D-470E-4306-A1CB-7FFB2D323BBE}.Debug|Any CPU.ActiveCfg = Debug|Any CPU
		{C87A015D-470E-4306-A1CB-7FFB2D323BBE}.Debug|Any CPU.Build.0 = Debug|Any CPU
		{C87A015D-470E-4306-A1CB-7FFB2D323BBE}.Release|Any CPU.ActiveCfg = Release|Any CPU
		{C87A015D-470E-4306-A1CB-7FFB2D323BBE}.Release|Any CPU.Build.0 = Release|Any CPU
	EndGlobalSection
	GlobalSection(SolutionProperties) = preSolution
		HideSolutionNode = FALSE
	EndGlobalSection
	GlobalSection(ExtensibilityGlobals) = postSolution
		SolutionGuid = {2E5AD4EA-1FD9-4F18-ADF6-D758E47330BA}
	EndGlobalSection
EndGlobal
